// !$*UTF8*$!
{
	archiveVersion = 1;
	classes = {
	};
	objectVersion = 56;
	objects = {

/* Begin PBXBuildFile section */
		3F5CAA75295ED17300CF868B /* HomeCell.swift in Sources */ = {isa = PBXBuildFile; fileRef = 3F5CAA74295ED17300CF868B /* HomeCell.swift */; };
		3F5CAA77295ED65000CF868B /* TargetType.swift in Sources */ = {isa = PBXBuildFile; fileRef = 3F5CAA76295ED65000CF868B /* TargetType.swift */; };
		3F5CAA79295EDD0000CF868B /* AddController.swift in Sources */ = {isa = PBXBuildFile; fileRef = 3F5CAA78295EDD0000CF868B /* AddController.swift */; };
		3F5CAA7B295EDEF900CF868B /* ViewControllerExt.swift in Sources */ = {isa = PBXBuildFile; fileRef = 3F5CAA7A295EDEF900CF868B /* ViewControllerExt.swift */; };
		3F5CAA7D295EE21400CF868B /* UIViewExt.swift in Sources */ = {isa = PBXBuildFile; fileRef = 3F5CAA7C295EE21400CF868B /* UIViewExt.swift */; };
		3F5CAA7F295EE5A200CF868B /* UIButtonExt.swift in Sources */ = {isa = PBXBuildFile; fileRef = 3F5CAA7E295EE5A200CF868B /* UIButtonExt.swift */; };
		3F5CAA81295EED8100CF868B /* CompleteController.swift in Sources */ = {isa = PBXBuildFile; fileRef = 3F5CAA80295EED8100CF868B /* CompleteController.swift */; };
		3F5CAA84295F001100CF868B /* CoreData.framework in Frameworks */ = {isa = PBXBuildFile; fileRef = 3F5CAA83295F001100CF868B /* CoreData.framework */; };
		3FAD1685295EC61E00E00577 /* AppDelegate.swift in Sources */ = {isa = PBXBuildFile; fileRef = 3FAD1684295EC61E00E00577 /* AppDelegate.swift */; };
		3FAD1687295EC61E00E00577 /* SceneDelegate.swift in Sources */ = {isa = PBXBuildFile; fileRef = 3FAD1686295EC61E00E00577 /* SceneDelegate.swift */; };
		3FAD1689295EC61E00E00577 /* HomeController.swift in Sources */ = {isa = PBXBuildFile; fileRef = 3FAD1688295EC61E00E00577 /* HomeController.swift */; };
		3FAD168C295EC61E00E00577 /* Main.storyboard in Resources */ = {isa = PBXBuildFile; fileRef = 3FAD168A295EC61E00E00577 /* Main.storyboard */; };
		3FAD168F295EC61E00E00577 /* ToDoList.xcdatamodeld in Sources */ = {isa = PBXBuildFile; fileRef = 3FAD168D295EC61E00E00577 /* ToDoList.xcdatamodeld */; };
		3FAD1691295EC61F00E00577 /* Assets.xcassets in Resources */ = {isa = PBXBuildFile; fileRef = 3FAD1690295EC61F00E00577 /* Assets.xcassets */; };
		3FAD1694295EC61F00E00577 /* LaunchScreen.storyboard in Resources */ = {isa = PBXBuildFile; fileRef = 3FAD1692295EC61F00E00577 /* LaunchScreen.storyboard */; };
/* End PBXBuildFile section */

/* Begin PBXFileReference section */
		3F5CAA74295ED17300CF868B /* HomeCell.swift */ = {isa = PBXFileReference; lastKnownFileType = sourcecode.swift; path = HomeCell.swift; sourceTree = "<group>"; };
		3F5CAA76295ED65000CF868B /* TargetType.swift */ = {isa = PBXFileReference; lastKnownFileType = sourcecode.swift; path = TargetType.swift; sourceTree = "<group>"; };
		3F5CAA78295EDD0000CF868B /* AddController.swift */ = {isa = PBXFileReference; lastKnownFileType = sourcecode.swift; path = AddController.swift; sourceTree = "<group>"; };
		3F5CAA7A295EDEF900CF868B /* ViewControllerExt.swift */ = {isa = PBXFileReference; lastKnownFileType = sourcecode.swift; path = ViewControllerExt.swift; sourceTree = "<group>"; };
		3F5CAA7C295EE21400CF868B /* UIViewExt.swift */ = {isa = PBXFileReference; lastKnownFileType = sourcecode.swift; path = UIViewExt.swift; sourceTree = "<group>"; };
		3F5CAA7E295EE5A200CF868B /* UIButtonExt.swift */ = {isa = PBXFileReference; lastKnownFileType = sourcecode.swift; path = UIButtonExt.swift; sourceTree = "<group>"; };
		3F5CAA80295EED8100CF868B /* CompleteController.swift */ = {isa = PBXFileReference; lastKnownFileType = sourcecode.swift; path = CompleteController.swift; sourceTree = "<group>"; };
		3F5CAA83295F001100CF868B /* CoreData.framework */ = {isa = PBXFileReference; lastKnownFileType = wrapper.framework; name = CoreData.framework; path = System/Library/Frameworks/CoreData.framework; sourceTree = SDKROOT; };
		3FAD1681295EC61E00E00577 /* ToDoList.app */ = {isa = PBXFileReference; explicitFileType = wrapper.application; includeInIndex = 0; path = ToDoList.app; sourceTree = BUILT_PRODUCTS_DIR; };
		3FAD1684295EC61E00E00577 /* AppDelegate.swift */ = {isa = PBXFileReference; lastKnownFileType = sourcecode.swift; path = AppDelegate.swift; sourceTree = "<group>"; };
		3FAD1686295EC61E00E00577 /* SceneDelegate.swift */ = {isa = PBXFileReference; lastKnownFileType = sourcecode.swift; path = SceneDelegate.swift; sourceTree = "<group>"; };
		3FAD1688295EC61E00E00577 /* HomeController.swift */ = {isa = PBXFileReference; lastKnownFileType = sourcecode.swift; path = HomeController.swift; sourceTree = "<group>"; };
		3FAD168B295EC61E00E00577 /* Base */ = {isa = PBXFileReference; lastKnownFileType = file.storyboard; name = Base; path = Base.lproj/Main.storyboard; sourceTree = "<group>"; };
		3FAD168E295EC61E00E00577 /* ToDoList.xcdatamodel */ = {isa = PBXFileReference; lastKnownFileType = wrapper.xcdatamodel; path = ToDoList.xcdatamodel; sourceTree = "<group>"; };
		3FAD1690295EC61F00E00577 /* Assets.xcassets */ = {isa = PBXFileReference; lastKnownFileType = folder.assetcatalog; path = Assets.xcassets; sourceTree = "<group>"; };
		3FAD1693295EC61F00E00577 /* Base */ = {isa = PBXFileReference; lastKnownFileType = file.storyboard; name = Base; path = Base.lproj/LaunchScreen.storyboard; sourceTree = "<group>"; };
		3FAD1695295EC61F00E00577 /* Info.plist */ = {isa = PBXFileReference; lastKnownFileType = text.plist.xml; path = Info.plist; sourceTree = "<group>"; };
/* End PBXFileReference section */

/* Begin PBXFrameworksBuildPhase section */
		3FAD167E295EC61E00E00577 /* Frameworks */ = {
			isa = PBXFrameworksBuildPhase;
			buildActionMask = 2147483647;
			files = (
				3F5CAA84295F001100CF868B /* CoreData.framework in Frameworks */,
			);
			runOnlyForDeploymentPostprocessing = 0;
		};
/* End PBXFrameworksBuildPhase section */

/* Begin PBXGroup section */
		3F5CAA82295F001100CF868B /* Frameworks */ = {
			isa = PBXGroup;
			children = (
				3F5CAA83295F001100CF868B /* CoreData.framework */,
			);
			name = Frameworks;
			sourceTree = "<group>";
		};
		3FAD1678295EC61E00E00577 = {
			isa = PBXGroup;
			children = (
				3FAD1683295EC61E00E00577 /* ToDoList */,
				3FAD1682295EC61E00E00577 /* Products */,
				3F5CAA82295F001100CF868B /* Frameworks */,
			);
			sourceTree = "<group>";
		};
		3FAD1682295EC61E00E00577 /* Products */ = {
			isa = PBXGroup;
			children = (
				3FAD1681295EC61E00E00577 /* ToDoList.app */,
			);
			name = Products;
			sourceTree = "<group>";
		};
		3FAD1683295EC61E00E00577 /* ToDoList */ = {
			isa = PBXGroup;
			children = (
				3FAD169F295EC6C500E00577 /* Untils */,
				3FAD169E295EC6C300E00577 /* Enum */,
				3FAD169D295EC65100E00577 /* CoreData */,
				3FAD169C295EC65000E00577 /* View */,
				3FAD169B295EC64F00E00577 /* Controller */,
				3FAD1684295EC61E00E00577 /* AppDelegate.swift */,
				3FAD1686295EC61E00E00577 /* SceneDelegate.swift */,
				3FAD168A295EC61E00E00577 /* Main.storyboard */,
				3FAD1690295EC61F00E00577 /* Assets.xcassets */,
				3FAD1692295EC61F00E00577 /* LaunchScreen.storyboard */,
				3FAD1695295EC61F00E00577 /* Info.plist */,
			);
			path = ToDoList;
			sourceTree = "<group>";
		};
		3FAD169B295EC64F00E00577 /* Controller */ = {
			isa = PBXGroup;
			children = (
				3FAD1688295EC61E00E00577 /* HomeController.swift */,
				3F5CAA78295EDD0000CF868B /* AddController.swift */,
				3F5CAA80295EED8100CF868B /* CompleteController.swift */,
			);
			path = Controller;
			sourceTree = "<group>";
		};
		3FAD169C295EC65000E00577 /* View */ = {
			isa = PBXGroup;
			children = (
				3F5CAA74295ED17300CF868B /* HomeCell.swift */,
			);
			path = View;
			sourceTree = "<group>";
		};
		3FAD169D295EC65100E00577 /* CoreData */ = {
			isa = PBXGroup;
			children = (
				3FAD168D295EC61E00E00577 /* ToDoList.xcdatamodeld */,
			);
			path = CoreData;
			sourceTree = "<group>";
		};
		3FAD169E295EC6C300E00577 /* Enum */ = {
			isa = PBXGroup;
			children = (
				3F5CAA76295ED65000CF868B /* TargetType.swift */,
			);
			path = Enum;
			sourceTree = "<group>";
		};
		3FAD169F295EC6C500E00577 /* Untils */ = {
			isa = PBXGroup;
			children = (
				3F5CAA7A295EDEF900CF868B /* ViewControllerExt.swift */,
				3F5CAA7C295EE21400CF868B /* UIViewExt.swift */,
				3F5CAA7E295EE5A200CF868B /* UIButtonExt.swift */,
			);
			path = Untils;
			sourceTree = "<group>";
		};
/* End PBXGroup section */

/* Begin PBXNativeTarget section */
		3FAD1680295EC61E00E00577 /* ToDoList */ = {
			isa = PBXNativeTarget;
			buildConfigurationList = 3FAD1698295EC61F00E00577 /* Build configuration list for PBXNativeTarget "ToDoList" */;
			buildPhases = (
				3FAD167D295EC61E00E00577 /* Sources */,
				3FAD167E295EC61E00E00577 /* Frameworks */,
				3FAD167F295EC61E00E00577 /* Resources */,
			);
			buildRules = (
			);
			dependencies = (
			);
			name = ToDoList;
			productName = ToDoList;
			productReference = 3FAD1681295EC61E00E00577 /* ToDoList.app */;
			productType = "com.apple.product-type.application";
		};
/* End PBXNativeTarget section */

/* Begin PBXProject section */
		3FAD1679295EC61E00E00577 /* Project object */ = {
			isa = PBXProject;
			attributes = {
				BuildIndependentTargetsInParallel = 1;
				LastSwiftUpdateCheck = 1410;
				LastUpgradeCheck = 1410;
				TargetAttributes = {
					3FAD1680295EC61E00E00577 = {
						CreatedOnToolsVersion = 14.1;
					};
				};
			};
			buildConfigurationList = 3FAD167C295EC61E00E00577 /* Build configuration list for PBXProject "ToDoList" */;
			compatibilityVersion = "Xcode 14.0";
			developmentRegion = en;
			hasScannedForEncodings = 0;
			knownRegions = (
				en,
				Base,
			);
			mainGroup = 3FAD1678295EC61E00E00577;
			productRefGroup = 3FAD1682295EC61E00E00577 /* Products */;
			projectDirPath = "";
			projectRoot = "";
			targets = (
				3FAD1680295EC61E00E00577 /* ToDoList */,
			);
		};
/* End PBXProject section */

/* Begin PBXResourcesBuildPhase section */
		3FAD167F295EC61E00E00577 /* Resources */ = {
			isa = PBXResourcesBuildPhase;
			buildActionMask = 2147483647;
			files = (
				3FAD1694295EC61F00E00577 /* LaunchScreen.storyboard in Resources */,
				3FAD1691295EC61F00E00577 /* Assets.xcassets in Resources */,
				3FAD168C295EC61E00E00577 /* Main.storyboard in Resources */,
			);
			runOnlyForDeploymentPostprocessing = 0;
		};
/* End PBXResourcesBuildPhase section */

/* Begin PBXSourcesBuildPhase section */
		3FAD167D295EC61E00E00577 /* Sources */ = {
			isa = PBXSourcesBuildPhase;
			buildActionMask = 2147483647;
			files = (
				3F5CAA7D295EE21400CF868B /* UIViewExt.swift in Sources */,
				3F5CAA7F295EE5A200CF868B /* UIButtonExt.swift in Sources */,
				3F5CAA77295ED65000CF868B /* TargetType.swift in Sources */,
				3FAD1689295EC61E00E00577 /* HomeController.swift in Sources */,
				3FAD1685295EC61E00E00577 /* AppDelegate.swift in Sources */,
				3F5CAA7B295EDEF900CF868B /* ViewControllerExt.swift in Sources */,
				3FAD1687295EC61E00E00577 /* SceneDelegate.swift in Sources */,
				3FAD168F295EC61E00E00577 /* ToDoList.xcdatamodeld in Sources */,
				3F5CAA79295EDD0000CF868B /* AddController.swift in Sources */,
				3F5CAA75295ED17300CF868B /* HomeCell.swift in Sources */,
				3F5CAA81295EED8100CF868B /* CompleteController.swift in Sources */,
			);
			runOnlyForDeploymentPostprocessing = 0;
		};
/* End PBXSourcesBuildPhase section */

/* Begin PBXVariantGroup section */
		3FAD168A295EC61E00E00577 /* Main.storyboard */ = {
			isa = PBXVariantGroup;
			children = (
				3FAD168B295EC61E00E00577 /* Base */,
			);
			name = Main.storyboard;
			sourceTree = "<group>";
		};
		3FAD1692295EC61F00E00577 /* LaunchScreen.storyboard */ = {
			isa = PBXVariantGroup;
			children = (
				3FAD1693295EC61F00E00577 /* Base */,
			);
			name = LaunchScreen.storyboard;
			sourceTree = "<group>";
		};
/* End PBXVariantGroup section */

/* Begin XCBuildConfiguration section */
		3FAD1696295EC61F00E00577 /* Debug */ = {
			isa = XCBuildConfiguration;
			buildSettings = {
				ALWAYS_SEARCH_USER_PATHS = NO;
				CLANG_ANALYZER_NONNULL = YES;
				CLANG_ANALYZER_NUMBER_OBJECT_CONVERSION = YES_AGGRESSIVE;
				CLANG_CXX_LANGUAGE_STANDARD = "gnu++20";
				CLANG_ENABLE_MODULES = YES;
				CLANG_ENABLE_OBJC_ARC = YES;
				CLANG_ENABLE_OBJC_WEAK = YES;
				CLANG_WARN_BLOCK_CAPTURE_AUTORELEASING = YES;
				CLANG_WARN_BOOL_CONVERSION = YES;
				CLANG_WARN_COMMA = YES;
				CLANG_WARN_CONSTANT_CONVERSION = YES;
				CLANG_WARN_DEPRECATED_OBJC_IMPLEMENTATIONS = YES;
				CLANG_WARN_DIRECT_OBJC_ISA_USAGE = YES_ERROR;
				CLANG_WARN_DOCUMENTATION_COMMENTS = YES;
				CLANG_WARN_EMPTY_BODY = YES;
				CLANG_WARN_ENUM_CONVERSION = YES;
				CLANG_WARN_INFINITE_RECURSION = YES;
				CLANG_WARN_INT_CONVERSION = YES;
				CLANG_WARN_NON_LITERAL_NULL_CONVERSION = YES;
				CLANG_WARN_OBJC_IMPLICIT_RETAIN_SELF = YES;
				CLANG_WARN_OBJC_LITERAL_CONVERSION = YES;
				CLANG_WARN_OBJC_ROOT_CLASS = YES_ERROR;
				CLANG_WARN_QUOTED_INCLUDE_IN_FRAMEWORK_HEADER = YES;
				CLANG_WARN_RANGE_LOOP_ANALYSIS = YES;
				CLANG_WARN_STRICT_PROTOTYPES = YES;
				CLANG_WARN_SUSPICIOUS_MOVE = YES;
				CLANG_WARN_UNGUARDED_AVAILABILITY = YES_AGGRESSIVE;
				CLANG_WARN_UNREACHABLE_CODE = YES;
				CLANG_WARN__DUPLICATE_METHOD_MATCH = YES;
				COPY_PHASE_STRIP = NO;
				DEBUG_INFORMATION_FORMAT = dwarf;
				ENABLE_STRICT_OBJC_MSGSEND = YES;
				ENABLE_TESTABILITY = YES;
				GCC_C_LANGUAGE_STANDARD = gnu11;
				GCC_DYNAMIC_NO_PIC = NO;
				GCC_NO_COMMON_BLOCKS = YES;
				GCC_OPTIMIZATION_LEVEL = 0;
				GCC_PREPROCESSOR_DEFINITIONS = (
					"DEBUG=1",
					"$(inherited)",
				);
				GCC_WARN_64_TO_32_BIT_CONVERSION = YES;
				GCC_WARN_ABOUT_RETURN_TYPE = YES_ERROR;
				GCC_WARN_UNDECLARED_SELECTOR = YES;
				GCC_WARN_UNINITIALIZED_AUTOS = YES_AGGRESSIVE;
				GCC_WARN_UNUSED_FUNCTION = YES;
				GCC_WARN_UNUSED_VARIABLE = YES;
				IPHONEOS_DEPLOYMENT_TARGET = 16.1;
				MTL_ENABLE_DEBUG_INFO = INCLUDE_SOURCE;
				MTL_FAST_MATH = YES;
				ONLY_ACTIVE_ARCH = YES;
				SDKROOT = iphoneos;
				SWIFT_ACTIVE_COMPILATION_CONDITIONS = DEBUG;
				SWIFT_OPTIMIZATION_LEVEL = "-Onone";
			};
			name = Debug;
		};
		3FAD1697295EC61F00E00577 /* Release */ = {
			isa = XCBuildConfiguration;
			buildSettings = {
				ALWAYS_SEARCH_USER_PATHS = NO;
				CLANG_ANALYZER_NONNULL = YES;
				CLANG_ANALYZER_NUMBER_OBJECT_CONVERSION = YES_AGGRESSIVE;
				CLANG_CXX_LANGUAGE_STANDARD = "gnu++20";
				CLANG_ENABLE_MODULES = YES;
				CLANG_ENABLE_OBJC_ARC = YES;
				CLANG_ENABLE_OBJC_WEAK = YES;
				CLANG_WARN_BLOCK_CAPTURE_AUTORELEASING = YES;
				CLANG_WARN_BOOL_CONVERSION = YES;
				CLANG_WARN_COMMA = YES;
				CLANG_WARN_CONSTANT_CONVERSION = YES;
				CLANG_WARN_DEPRECATED_OBJC_IMPLEMENTATIONS = YES;
				CLANG_WARN_DIRECT_OBJC_ISA_USAGE = YES_ERROR;
				CLANG_WARN_DOCUMENTATION_COMMENTS = YES;
				CLANG_WARN_EMPTY_BODY = YES;
				CLANG_WARN_ENUM_CONVERSION = YES;
				CLANG_WARN_INFINITE_RECURSION = YES;
				CLANG_WARN_INT_CONVERSION = YES;
				CLANG_WARN_NON_LITERAL_NULL_CONVERSION = YES;
				CLANG_WARN_OBJC_IMPLICIT_RETAIN_SELF = YES;
				CLANG_WARN_OBJC_LITERAL_CONVERSION = YES;
				CLANG_WARN_OBJC_ROOT_CLASS = YES_ERROR;
				CLANG_WARN_QUOTED_INCLUDE_IN_FRAMEWORK_HEADER = YES;
				CLANG_WARN_RANGE_LOOP_ANALYSIS = YES;
				CLANG_WARN_STRICT_PROTOTYPES = YES;
				CLANG_WARN_SUSPICIOUS_MOVE = YES;
				CLANG_WARN_UNGUARDED_AVAILABILITY = YES_AGGRESSIVE;
				CLANG_WARN_UNREACHABLE_CODE = YES;
				CLANG_WARN__DUPLICATE_METHOD_MATCH = YES;
				COPY_PHASE_STRIP = NO;
				DEBUG_INFORMATION_FORMAT = "dwarf-with-dsym";
				ENABLE_NS_ASSERTIONS = NO;
				ENABLE_STRICT_OBJC_MSGSEND = YES;
				GCC_C_LANGUAGE_STANDARD = gnu11;
				GCC_NO_COMMON_BLOCKS = YES;
				GCC_WARN_64_TO_32_BIT_CONVERSION = YES;
				GCC_WARN_ABOUT_RETURN_TYPE = YES_ERROR;
				GCC_WARN_UNDECLARED_SELECTOR = YES;
				GCC_WARN_UNINITIALIZED_AUTOS = YES_AGGRESSIVE;
				GCC_WARN_UNUSED_FUNCTION = YES;
				GCC_WARN_UNUSED_VARIABLE = YES;
				IPHONEOS_DEPLOYMENT_TARGET = 16.1;
				MTL_ENABLE_DEBUG_INFO = NO;
				MTL_FAST_MATH = YES;
				SDKROOT = iphoneos;
				SWIFT_COMPILATION_MODE = wholemodule;
				SWIFT_OPTIMIZATION_LEVEL = "-O";
				VALIDATE_PRODUCT = YES;
			};
			name = Release;
		};
		3FAD1699295EC61F00E00577 /* Debug */ = {
			isa = XCBuildConfiguration;
			buildSettings = {
				ASSETCATALOG_COMPILER_APPICON_NAME = AppIcon;
				ASSETCATALOG_COMPILER_GLOBAL_ACCENT_COLOR_NAME = AccentColor;
				CODE_SIGN_STYLE = Automatic;
				CURRENT_PROJECT_VERSION = 1;
				DEVELOPMENT_TEAM = Y7NBK67TU5;
				GENERATE_INFOPLIST_FILE = YES;
				INFOPLIST_FILE = ToDoList/Info.plist;
				INFOPLIST_KEY_UIApplicationSupportsIndirectInputEvents = YES;
				INFOPLIST_KEY_UILaunchStoryboardName = LaunchScreen;
				INFOPLIST_KEY_UIMainStoryboardFile = Main;
				INFOPLIST_KEY_UISupportedInterfaceOrientations_iPad = "UIInterfaceOrientationPortrait UIInterfaceOrientationPortraitUpsideDown UIInterfaceOrientationLandscapeLeft UIInterfaceOrientationLandscapeRight";
				INFOPLIST_KEY_UISupportedInterfaceOrientations_iPhone = "UIInterfaceOrientationPortrait UIInterfaceOrientationLandscapeLeft UIInterfaceOrientationLandscapeRight";
				LD_RUNPATH_SEARCH_PATHS = (
					"$(inherited)",
					"@executable_path/Frameworks",
				);
				MARKETING_VERSION = 1.0;
				PRODUCT_BUNDLE_IDENTIFIER = com.halilyas.ToDoList;
				PRODUCT_NAME = "$(TARGET_NAME)";
				SWIFT_EMIT_LOC_STRINGS = YES;
				SWIFT_VERSION = 5.0;
				TARGETED_DEVICE_FAMILY = "1,2";
			};
			name = Debug;
		};
		3FAD169A295EC61F00E00577 /* Release */ = {
			isa = XCBuildConfiguration;
			buildSettings = {
				ASSETCATALOG_COMPILER_APPICON_NAME = AppIcon;
				ASSETCATALOG_COMPILER_GLOBAL_ACCENT_COLOR_NAME = AccentColor;
				CODE_SIGN_STYLE = Automatic;
				CURRENT_PROJECT_VERSION = 1;
				DEVELOPMENT_TEAM = Y7NBK67TU5;
				GENERATE_INFOPLIST_FILE = YES;
				INFOPLIST_FILE = ToDoList/Info.plist;
				INFOPLIST_KEY_UIApplicationSupportsIndirectInputEvents = YES;
				INFOPLIST_KEY_UILaunchStoryboardName = LaunchScreen;
				INFOPLIST_KEY_UIMainStoryboardFile = Main;
				INFOPLIST_KEY_UISupportedInterfaceOrientations_iPad = "UIInterfaceOrientationPortrait UIInterfaceOrientationPortraitUpsideDown UIInterfaceOrientationLandscapeLeft UIInterfaceOrientationLandscapeRight";
				INFOPLIST_KEY_UISupportedInterfaceOrientations_iPhone = "UIInterfaceOrientationPortrait UIInterfaceOrientationLandscapeLeft UIInterfaceOrientationLandscapeRight";
				LD_RUNPATH_SEARCH_PATHS = (
					"$(inherited)",
					"@executable_path/Frameworks",
				);
				MARKETING_VERSION = 1.0;
				PRODUCT_BUNDLE_IDENTIFIER = com.halilyas.ToDoList;
				PRODUCT_NAME = "$(TARGET_NAME)";
				SWIFT_EMIT_LOC_STRINGS = YES;
				SWIFT_VERSION = 5.0;
				TARGETED_DEVICE_FAMILY = "1,2";
			};
			name = Release;
		};
/* End XCBuildConfiguration section */

/* Begin XCConfigurationList section */
		3FAD167C295EC61E00E00577 /* Build configuration list for PBXProject "ToDoList" */ = {
			isa = XCConfigurationList;
			buildConfigurations = (
				3FAD1696295EC61F00E00577 /* Debug */,
				3FAD1697295EC61F00E00577 /* Release */,
			);
			defaultConfigurationIsVisible = 0;
			defaultConfigurationName = Release;
		};
		3FAD1698295EC61F00E00577 /* Build configuration list for PBXNativeTarget "ToDoList" */ = {
			isa = XCConfigurationList;
			buildConfigurations = (
				3FAD1699295EC61F00E00577 /* Debug */,
				3FAD169A295EC61F00E00577 /* Release */,
			);
			defaultConfigurationIsVisible = 0;
			defaultConfigurationName = Release;
		};
/* End XCConfigurationList section */

/* Begin XCVersionGroup section */
		3FAD168D295EC61E00E00577 /* ToDoList.xcdatamodeld */ = {
			isa = XCVersionGroup;
			children = (
				3FAD168E295EC61E00E00577 /* ToDoList.xcdatamodel */,
			);
			currentVersion = 3FAD168E295EC61E00E00577 /* ToDoList.xcdatamodel */;
			path = ToDoList.xcdatamodeld;
			sourceTree = "<group>";
			versionGroupType = wrapper.xcdatamodel;
		};
/* End XCVersionGroup section */
	};
	rootObject = 3FAD1679295EC61E00E00577 /* Project object */;
}
